Microsoft Visual Studio Solution File, Format Version 11.00
# Visual Studio 2010
Project("{FAE04EC0-301F-11D3-BF4B-00C04F79EFBC}") = "WebDAV.Server", "Server\WebDAV.Server.csproj", "{2C80B8CA-AA29-4F20-9225-FB77C46F9D32}"
EndProject
Project("{FAE04EC0-301F-11D3-BF4B-00C04F79EFBC}") = "AdamMil.Utilities", "..\AdamMil.net\Utilities\AdamMil.Utilities.csproj", "{29134637-6D08-432C-8161-9DEEE13C955D}"
EndProject
Project("{FAE04EC0-301F-11D3-BF4B-00C04F79EFBC}") = "AdamMil.Collections", "..\AdamMil.net\Collections\AdamMil.Collections.csproj", "{D9724C65-C54A-4671-BA0B-40B0B38464DD}"
EndProject
Project("{FAE04EC0-301F-11D3-BF4B-00C04F79EFBC}") = "AdamMil.IO", "..\AdamMil.net\IO\AdamMil.IO.csproj", "{CEB9BC77-B63F-40A1-BEDE-7C32E9B90D55}"
EndProject
Project("{FAE04EC0-301F-11D3-BF4B-00C04F79EFBC}") = "WebDAV.Server.Tests", "Tests\WebDAV.Server.Tests.csproj", "{153DA5D4-3D06-400E-B405-810E7B9BCBAE}"
EndProject
Project("{FAE04EC0-301F-11D3-BF4B-00C04F79EFBC}") = "AdamMil.TestHelpers", "..\AdamMil.net\TestHelpers\AdamMil.TestHelpers.csproj", "{E755006A-EB9E-4A5A-9872-65A2C4737C20}"
EndProject
Project("{FAE04EC0-301F-11D3-BF4B-00C04F79EFBC}") = "WebDAV.Server.Tests.Helpers", "Tests\Helpers\WebDAV.Server.Tests.Helpers.csproj", "{153DA5D4-3D06-400E-B405-810E7B9A82B1}"
EndProject
Project("{FAE04EC0-301F-11D3-BF4B-00C04F79EFBC}") = "WebDAV.Server.Examples", "Examples\WebDAV.Server.Examples.csproj", "{8732E67B-12D8-476A-B462-35ED96F4B9B8}"
EndProject
Project("{7CF6DF6D-3B04-46F8-A40B-537D21BCA0B4}") = "WebDAV.Server.Documentation", "Documentation\WebDAV.Server.Documentation.shfbproj", "{C740931A-559E-41E0-B6BD-F62EE3783703}"
	ProjectSection(ProjectDependencies) = postProject
		{2C80B8CA-AA29-4F20-9225-FB77C46F9D32} = {2C80B8CA-AA29-4F20-9225-FB77C46F9D32}
	EndProjectSection
EndProject
Global
	GlobalSection(SolutionConfigurationPlatforms) = preSolution
		Debug|Any CPU = Debug|Any CPU
		Release|Any CPU = Release|Any CPU
	EndGlobalSection
	GlobalSection(ProjectConfigurationPlatforms) = postSolution
		{2C80B8CA-AA29-4F20-9225-FB77C46F9D32}.Debug|Any CPU.ActiveCfg = Debug|Any CPU
		{2C80B8CA-AA29-4F20-9225-FB77C46F9D32}.Debug|Any CPU.Build.0 = Debug|Any CPU
		{2C80B8CA-AA29-4F20-9225-FB77C46F9D32}.Release|Any CPU.ActiveCfg = Release|Any CPU
		{2C80B8CA-AA29-4F20-9225-FB77C46F9D32}.Release|Any CPU.Build.0 = Release|Any CPU
		{29134637-6D08-432C-8161-9DEEE13C955D}.Debug|Any CPU.ActiveCfg = Debug|Any CPU
		{29134637-6D08-432C-8161-9DEEE13C955D}.Debug|Any CPU.Build.0 = Debug|Any CPU
		{29134637-6D08-432C-8161-9DEEE13C955D}.Release|Any CPU.ActiveCfg = Release|Any CPU
		{29134637-6D08-432C-8161-9DEEE13C955D}.Release|Any CPU.Build.0 = Release|Any CPU
		{D9724C65-C54A-4671-BA0B-40B0B38464DD}.Debug|Any CPU.ActiveCfg = Debug|Any CPU
		{D9724C65-C54A-4671-BA0B-40B0B38464DD}.Debug|Any CPU.Build.0 = Debug|Any CPU
		{D9724C65-C54A-4671-BA0B-40B0B38464DD}.Release|Any CPU.ActiveCfg = Release|Any CPU
		{D9724C65-C54A-4671-BA0B-40B0B38464DD}.Release|Any CPU.Build.0 = Release|Any CPU
		{CEB9BC77-B63F-40A1-BEDE-7C32E9B90D55}.Debug|Any CPU.ActiveCfg = Debug|Any CPU
		{CEB9BC77-B63F-40A1-BEDE-7C32E9B90D55}.Debug|Any CPU.Build.0 = Debug|Any CPU
		{CEB9BC77-B63F-40A1-BEDE-7C32E9B90D55}.Release|Any CPU.ActiveCfg = Release|Any CPU
		{CEB9BC77-B63F-40A1-BEDE-7C32E9B90D55}.Release|Any CPU.Build.0 = Release|Any CPU
		{153DA5D4-3D06-400E-B405-810E7B9BCBAE}.Debug|Any CPU.ActiveCfg = Debug|Any CPU
		{153DA5D4-3D06-400E-B405-810E7B9BCBAE}.Debug|Any CPU.Build.0 = Debug|Any CPU
		{153DA5D4-3D06-400E-B405-810E7B9BCBAE}.Release|Any CPU.ActiveCfg = Release|Any CPU
		{153DA5D4-3D06-400E-B405-810E7B9BCBAE}.Release|Any CPU.Build.0 = Release|Any CPU
		{E755006A-EB9E-4A5A-9872-65A2C4737C20}.Debug|Any CPU.ActiveCfg = Debug|Any CPU
		{E755006A-EB9E-4A5A-9872-65A2C4737C20}.Debug|Any CPU.Build.0 = Debug|Any CPU
		{E755006A-EB9E-4A5A-9872-65A2C4737C20}.Release|Any CPU.ActiveCfg = Release|Any CPU
		{E755006A-EB9E-4A5A-9872-65A2C4737C20}.Release|Any CPU.Build.0 = Release|Any CPU
		{153DA5D4-3D06-400E-B405-810E7B9A82B1}.Debug|Any CPU.ActiveCfg = Debug|Any CPU
		{153DA5D4-3D06-400E-B405-810E7B9A82B1}.Debug|Any CPU.Build.0 = Debug|Any CPU
		{153DA5D4-3D06-400E-B405-810E7B9A82B1}.Release|Any CPU.ActiveCfg = Release|Any CPU
		{153DA5D4-3D06-400E-B405-810E7B9A82B1}.Release|Any CPU.Build.0 = Release|Any CPU
		{8732E67B-12D8-476A-B462-35ED96F4B9B8}.Debug|Any CPU.ActiveCfg = Debug|Any CPU
		{8732E67B-12D8-476A-B462-35ED96F4B9B8}.Debug|Any CPU.Build.0 = Debug|Any CPU
		{8732E67B-12D8-476A-B462-35ED96F4B9B8}.Release|Any CPU.ActiveCfg = Release|Any CPU
		{8732E67B-12D8-476A-B462-35ED96F4B9B8}.Release|Any CPU.Build.0 = Release|Any CPU
		{C740931A-559E-41E0-B6BD-F62EE3783703}.Debug|Any CPU.ActiveCfg = Debug|Any CPU
		{C740931A-559E-41E0-B6BD-F62EE3783703}.Release|Any CPU.ActiveCfg = Release|Any CPU
	EndGlobalSection
	GlobalSection(SolutionProperties) = preSolution
		HideSolutionNode = FALSE
	EndGlobalSection
EndGlobal
